{
  "name": "@passport-next/connect-ensure-login",
  "version": "0.1.1",
  "lockfileVersion": 1,
  "requires": true,
  "dependencies": {
    "diff": {
      "version": "1.0.8",
      "resolved": "https://registry.npmjs.org/diff/-/diff-1.0.8.tgz",
      "integrity": "sha1-NDJ2MI7Jkbe8giZ+1VvBQR+XFmY=",
      "dev": true
    },
    "eyes": {
      "version": "0.1.8",
      "resolved": "https://registry.npmjs.org/eyes/-/eyes-0.1.8.tgz",
      "integrity": "sha1-Ys8SAjTGg3hdkCNIqADvPgzCC8A=",
      "dev": true
    },
    "vows": {
      "version": "0.6.4",
      "resolved": "https://registry.npmjs.org/vows/-/vows-0.6.4.tgz",
      "integrity": "sha1-/w7V1lTQTTl87jLc5DhOqIy08ZM=",
      "dev": true,
      "requires": {
        "diff": "~1.0.3",
        "eyes": ">=0.1.6"
      }
    }
  }
}
